// !$*UTF8*$!
{
	archiveVersion = 1;
	classes = {
	};
	objectVersion = 56;
	objects = {

/* Begin PBXBuildFile section */
		A8F9152129ED4C4200BD003C /* AirPortChallange.docc in Sources */ = {isa = PBXBuildFile; fileRef = A8F9152029ED4C4200BD003C /* AirPortChallange.docc */; };
		A8F9152729ED4C4200BD003C /* AirPortChallange.framework in Frameworks */ = {isa = PBXBuildFile; fileRef = A8F9151C29ED4C4100BD003C /* AirPortChallange.framework */; };
		A8F9152C29ED4C4200BD003C /* AirPortChallangeTests.swift in Sources */ = {isa = PBXBuildFile; fileRef = A8F9152B29ED4C4200BD003C /* AirPortChallangeTests.swift */; };
		A8F9152D29ED4C4200BD003C /* AirPortChallange.h in Headers */ = {isa = PBXBuildFile; fileRef = A8F9151F29ED4C4200BD003C /* AirPortChallange.h */; settings = {ATTRIBUTES = (Public, ); }; };
/* End PBXBuildFile section */

/* Begin PBXContainerItemProxy section */
		A8F9152829ED4C4200BD003C /* PBXContainerItemProxy */ = {
			isa = PBXContainerItemProxy;
			containerPortal = A8F9151329ED4C4100BD003C /* Project object */;
			proxyType = 1;
			remoteGlobalIDString = A8F9151B29ED4C4100BD003C;
			remoteInfo = AirPortChallange;
		};
/* End PBXContainerItemProxy section */

/* Begin PBXFileReference section */
		A8F9151C29ED4C4100BD003C /* AirPortChallange.framework */ = {isa = PBXFileReference; explicitFileType = wrapper.framework; includeInIndex = 0; path = AirPortChallange.framework; sourceTree = BUILT_PRODUCTS_DIR; };
		A8F9151F29ED4C4200BD003C /* AirPortChallange.h */ = {isa = PBXFileReference; lastKnownFileType = sourcecode.c.h; path = AirPortChallange.h; sourceTree = "<group>"; };
		A8F9152029ED4C4200BD003C /* AirPortChallange.docc */ = {isa = PBXFileReference; lastKnownFileType = folder.documentationcatalog; path = AirPortChallange.docc; sourceTree = "<group>"; };
		A8F9152629ED4C4200BD003C /* AirPortChallangeTests.xctest */ = {isa = PBXFileReference; explicitFileType = wrapper.cfbundle; includeInIndex = 0; path = AirPortChallangeTests.xctest; sourceTree = BUILT_PRODUCTS_DIR; };
		A8F9152B29ED4C4200BD003C /* AirPortChallangeTests.swift */ = {isa = PBXFileReference; lastKnownFileType = sourcecode.swift; path = AirPortChallangeTests.swift; sourceTree = "<group>"; };
/* End PBXFileReference section */

/* Begin PBXFrameworksBuildPhase section */
		A8F9151929ED4C4100BD003C /* Frameworks */ = {
			isa = PBXFrameworksBuildPhase;
			buildActionMask = 2147483647;
			files = (
			);
			runOnlyForDeploymentPostprocessing = 0;
		};
		A8F9152329ED4C4200BD003C /* Frameworks */ = {
			isa = PBXFrameworksBuildPhase;
			buildActionMask = 2147483647;
			files = (
				A8F9152729ED4C4200BD003C /* AirPortChallange.framework in Frameworks */,
			);
			runOnlyForDeploymentPostprocessing = 0;
		};
/* End PBXFrameworksBuildPhase section */

/* Begin PBXGroup section */
		A8F9151229ED4C4100BD003C = {
			isa = PBXGroup;
			children = (
				A8F9151E29ED4C4100BD003C /* AirPortChallange */,
				A8F9152A29ED4C4200BD003C /* AirPortChallangeTests */,
				A8F9151D29ED4C4100BD003C /* Products */,
			);
			sourceTree = "<group>";
		};
		A8F9151D29ED4C4100BD003C /* Products */ = {
			isa = PBXGroup;
			children = (
				A8F9151C29ED4C4100BD003C /* AirPortChallange.framework */,
				A8F9152629ED4C4200BD003C /* AirPortChallangeTests.xctest */,
			);
			name = Products;
			sourceTree = "<group>";
		};
		A8F9151E29ED4C4100BD003C /* AirPortChallange */ = {
			isa = PBXGroup;
			children = (
				A8F9151F29ED4C4200BD003C /* AirPortChallange.h */,
				A8F9152029ED4C4200BD003C /* AirPortChallange.docc */,
			);
			path = AirPortChallange;
			sourceTree = "<group>";
		};
		A8F9152A29ED4C4200BD003C /* AirPortChallangeTests */ = {
			isa = PBXGroup;
			children = (
				A8F9152B29ED4C4200BD003C /* AirPortChallangeTests.swift */,
			);
			path = AirPortChallangeTests;
			sourceTree = "<group>";
		};
/* End PBXGroup section */

/* Begin PBXHeadersBuildPhase section */
		A8F9151729ED4C4100BD003C /* Headers */ = {
			isa = PBXHeadersBuildPhase;
			buildActionMask = 2147483647;
			files = (
				A8F9152D29ED4C4200BD003C /* AirPortChallange.h in Headers */,
			);
			runOnlyForDeploymentPostprocessing = 0;
		};
/* End PBXHeadersBuildPhase section */

/* Begin PBXNativeTarget section */
		A8F9151B29ED4C4100BD003C /* AirPortChallange */ = {
			isa = PBXNativeTarget;
			buildConfigurationList = A8F9153029ED4C4200BD003C /* Build configuration list for PBXNativeTarget "AirPortChallange" */;
			buildPhases = (
				A8F9151729ED4C4100BD003C /* Headers */,
				A8F9151829ED4C4100BD003C /* Sources */,
				A8F9151929ED4C4100BD003C /* Frameworks */,
				A8F9151A29ED4C4100BD003C /* Resources */,
			);
			buildRules = (
			);
			dependencies = (
			);
			name = AirPortChallange;
			productName = AirPortChallange;
			productReference = A8F9151C29ED4C4100BD003C /* AirPortChallange.framework */;
			productType = "com.apple.product-type.framework";
		};
		A8F9152529ED4C4200BD003C /* AirPortChallangeTests */ = {
			isa = PBXNativeTarget;
			buildConfigurationList = A8F9153329ED4C4200BD003C /* Build configuration list for PBXNativeTarget "AirPortChallangeTests" */;
			buildPhases = (
				A8F9152229ED4C4200BD003C /* Sources */,
				A8F9152329ED4C4200BD003C /* Frameworks */,
				A8F9152429ED4C4200BD003C /* Resources */,
			);
			buildRules = (
			);
			dependencies = (
				A8F9152929ED4C4200BD003C /* PBXTargetDependency */,
			);
			name = AirPortChallangeTests;
			productName = AirPortChallangeTests;
			productReference = A8F9152629ED4C4200BD003C /* AirPortChallangeTests.xctest */;
			productType = "com.apple.product-type.bundle.unit-test";
		};
/* End PBXNativeTarget section */

/* Begin PBXProject section */
		A8F9151329ED4C4100BD003C /* Project object */ = {
			isa = PBXProject;
			attributes = {
				BuildIndependentTargetsInParallel = 1;
				LastSwiftUpdateCheck = 1430;
				LastUpgradeCheck = 1430;
				TargetAttributes = {
					A8F9151B29ED4C4100BD003C = {
						CreatedOnToolsVersion = 14.3;
					};
					A8F9152529ED4C4200BD003C = {
						CreatedOnToolsVersion = 14.3;
					};
				};
			};
			buildConfigurationList = A8F9151629ED4C4100BD003C /* Build configuration list for PBXProject "AirPortChallange" */;
			compatibilityVersion = "Xcode 14.0";
			developmentRegion = en;
			hasScannedForEncodings = 0;
			knownRegions = (
				en,
				Base,
			);
			mainGroup = A8F9151229ED4C4100BD003C;
			productRefGroup = A8F9151D29ED4C4100BD003C /* Products */;
			projectDirPath = "";
			projectRoot = "";
			targets = (
				A8F9151B29ED4C4100BD003C /* AirPortChallange */,
				A8F9152529ED4C4200BD003C /* AirPortChallangeTests */,
			);
		};
/* End PBXProject section */

/* Begin PBXResourcesBuildPhase section */
		A8F9151A29ED4C4100BD003C /* Resources */ = {
			isa = PBXResourcesBuildPhase;
			buildActionMask = 2147483647;
			files = (
			);
			runOnlyForDeploymentPostprocessing = 0;
		};
		A8F9152429ED4C4200BD003C /* Resources */ = {
			isa = PBXResourcesBuildPhase;
			buildActionMask = 2147483647;
			files = (
			);
			runOnlyForDeploymentPostprocessing = 0;
		};
/* End PBXResourcesBuildPhase section */

/* Begin PBXSourcesBuildPhase section */
		A8F9151829ED4C4100BD003C /* Sources */ = {
			isa = PBXSourcesBuildPhase;
			buildActionMask = 2147483647;
			files = (
				A8F9152129ED4C4200BD003C /* AirPortChallange.docc in Sources */,
			);
			runOnlyForDeploymentPostprocessing = 0;
		};
		A8F9152229ED4C4200BD003C /* Sources */ = {
			isa = PBXSourcesBuildPhase;
			buildActionMask = 2147483647;
			files = (
				A8F9152C29ED4C4200BD003C /* AirPortChallangeTests.swift in Sources */,
			);
			runOnlyForDeploymentPostprocessing = 0;
		};
/* End PBXSourcesBuildPhase section */

/* Begin PBXTargetDependency section */
		A8F9152929ED4C4200BD003C /* PBXTargetDependency */ = {
			isa = PBXTargetDependency;
			target = A8F9151B29ED4C4100BD003C /* AirPortChallange */;
			targetProxy = A8F9152829ED4C4200BD003C /* PBXContainerItemProxy */;
		};
/* End PBXTargetDependency section */

/* Begin XCBuildConfiguration section */
		A8F9152E29ED4C4200BD003C /* Debug */ = {
			isa = XCBuildConfiguration;
			buildSettings = {
				ALWAYS_SEARCH_USER_PATHS = NO;
				CLANG_ANALYZER_NONNULL = YES;
				CLANG_ANALYZER_NUMBER_OBJECT_CONVERSION = YES_AGGRESSIVE;
				CLANG_CXX_LANGUAGE_STANDARD = "gnu++20";
				CLANG_ENABLE_MODULES = YES;
				CLANG_ENABLE_OBJC_ARC = YES;
				CLANG_ENABLE_OBJC_WEAK = YES;
				CLANG_WARN_BLOCK_CAPTURE_AUTORELEASING = YES;
				CLANG_WARN_BOOL_CONVERSION = YES;
				CLANG_WARN_COMMA = YES;
				CLANG_WARN_CONSTANT_CONVERSION = YES;
				CLANG_WARN_DEPRECATED_OBJC_IMPLEMENTATIONS = YES;
				CLANG_WARN_DIRECT_OBJC_ISA_USAGE = YES_ERROR;
				CLANG_WARN_DOCUMENTATION_COMMENTS = YES;
				CLANG_WARN_EMPTY_BODY = YES;
				CLANG_WARN_ENUM_CONVERSION = YES;
				CLANG_WARN_INFINITE_RECURSION = YES;
				CLANG_WARN_INT_CONVERSION = YES;
				CLANG_WARN_NON_LITERAL_NULL_CONVERSION = YES;
				CLANG_WARN_OBJC_IMPLICIT_RETAIN_SELF = YES;
				CLANG_WARN_OBJC_LITERAL_CONVERSION = YES;
				CLANG_WARN_OBJC_ROOT_CLASS = YES_ERROR;
				CLANG_WARN_QUOTED_INCLUDE_IN_FRAMEWORK_HEADER = YES;
				CLANG_WARN_RANGE_LOOP_ANALYSIS = YES;
				CLANG_WARN_STRICT_PROTOTYPES = YES;
				CLANG_WARN_SUSPICIOUS_MOVE = YES;
				CLANG_WARN_UNGUARDED_AVAILABILITY = YES_AGGRESSIVE;
				CLANG_WARN_UNREACHABLE_CODE = YES;
				CLANG_WARN__DUPLICATE_METHOD_MATCH = YES;
				COPY_PHASE_STRIP = NO;
				CURRENT_PROJECT_VERSION = 1;
				DEBUG_INFORMATION_FORMAT = dwarf;
				ENABLE_STRICT_OBJC_MSGSEND = YES;
				ENABLE_TESTABILITY = YES;
				GCC_C_LANGUAGE_STANDARD = gnu11;
				GCC_DYNAMIC_NO_PIC = NO;
				GCC_NO_COMMON_BLOCKS = YES;
				GCC_OPTIMIZATION_LEVEL = 0;
				GCC_PREPROCESSOR_DEFINITIONS = (
					"DEBUG=1",
					"$(inherited)",
				);
				GCC_WARN_64_TO_32_BIT_CONVERSION = YES;
				GCC_WARN_ABOUT_RETURN_TYPE = YES_ERROR;
				GCC_WARN_UNDECLARED_SELECTOR = YES;
				GCC_WARN_UNINITIALIZED_AUTOS = YES_AGGRESSIVE;
				GCC_WARN_UNUSED_FUNCTION = YES;
				GCC_WARN_UNUSED_VARIABLE = YES;
				MACOSX_DEPLOYMENT_TARGET = 13.3;
				MTL_ENABLE_DEBUG_INFO = INCLUDE_SOURCE;
				MTL_FAST_MATH = YES;
				ONLY_ACTIVE_ARCH = YES;
				SDKROOT = macosx;
				SWIFT_ACTIVE_COMPILATION_CONDITIONS = DEBUG;
				SWIFT_OPTIMIZATION_LEVEL = "-Onone";
				VERSIONING_SYSTEM = "apple-generic";
				VERSION_INFO_PREFIX = "";
			};
			name = Debug;
		};
		A8F9152F29ED4C4200BD003C /* Release */ = {
			isa = XCBuildConfiguration;
			buildSettings = {
				ALWAYS_SEARCH_USER_PATHS = NO;
				CLANG_ANALYZER_NONNULL = YES;
				CLANG_ANALYZER_NUMBER_OBJECT_CONVERSION = YES_AGGRESSIVE;
				CLANG_CXX_LANGUAGE_STANDARD = "gnu++20";
				CLANG_ENABLE_MODULES = YES;
				CLANG_ENABLE_OBJC_ARC = YES;
				CLANG_ENABLE_OBJC_WEAK = YES;
				CLANG_WARN_BLOCK_CAPTURE_AUTORELEASING = YES;
				CLANG_WARN_BOOL_CONVERSION = YES;
				CLANG_WARN_COMMA = YES;
				CLANG_WARN_CONSTANT_CONVERSION = YES;
				CLANG_WARN_DEPRECATED_OBJC_IMPLEMENTATIONS = YES;
				CLANG_WARN_DIRECT_OBJC_ISA_USAGE = YES_ERROR;
				CLANG_WARN_DOCUMENTATION_COMMENTS = YES;
				CLANG_WARN_EMPTY_BODY = YES;
				CLANG_WARN_ENUM_CONVERSION = YES;
				CLANG_WARN_INFINITE_RECURSION = YES;
				CLANG_WARN_INT_CONVERSION = YES;
				CLANG_WARN_NON_LITERAL_NULL_CONVERSION = YES;
				CLANG_WARN_OBJC_IMPLICIT_RETAIN_SELF = YES;
				CLANG_WARN_OBJC_LITERAL_CONVERSION = YES;
				CLANG_WARN_OBJC_ROOT_CLASS = YES_ERROR;
				CLANG_WARN_QUOTED_INCLUDE_IN_FRAMEWORK_HEADER = YES;
				CLANG_WARN_RANGE_LOOP_ANALYSIS = YES;
				CLANG_WARN_STRICT_PROTOTYPES = YES;
				CLANG_WARN_SUSPICIOUS_MOVE = YES;
				CLANG_WARN_UNGUARDED_AVAILABILITY = YES_AGGRESSIVE;
				CLANG_WARN_UNREACHABLE_CODE = YES;
				CLANG_WARN__DUPLICATE_METHOD_MATCH = YES;
				COPY_PHASE_STRIP = NO;
				CURRENT_PROJECT_VERSION = 1;
				DEBUG_INFORMATION_FORMAT = "dwarf-with-dsym";
				ENABLE_NS_ASSERTIONS = NO;
				ENABLE_STRICT_OBJC_MSGSEND = YES;
				GCC_C_LANGUAGE_STANDARD = gnu11;
				GCC_NO_COMMON_BLOCKS = YES;
				GCC_WARN_64_TO_32_BIT_CONVERSION = YES;
				GCC_WARN_ABOUT_RETURN_TYPE = YES_ERROR;
				GCC_WARN_UNDECLARED_SELECTOR = YES;
				GCC_WARN_UNINITIALIZED_AUTOS = YES_AGGRESSIVE;
				GCC_WARN_UNUSED_FUNCTION = YES;
				GCC_WARN_UNUSED_VARIABLE = YES;
				MACOSX_DEPLOYMENT_TARGET = 13.3;
				MTL_ENABLE_DEBUG_INFO = NO;
				MTL_FAST_MATH = YES;
				SDKROOT = macosx;
				SWIFT_COMPILATION_MODE = wholemodule;
				SWIFT_OPTIMIZATION_LEVEL = "-O";
				VERSIONING_SYSTEM = "apple-generic";
				VERSION_INFO_PREFIX = "";
			};
			name = Release;
		};
		A8F9153129ED4C4200BD003C /* Debug */ = {
			isa = XCBuildConfiguration;
			buildSettings = {
				CODE_SIGN_STYLE = Automatic;
				COMBINE_HIDPI_IMAGES = YES;
				CURRENT_PROJECT_VERSION = 1;
				DEFINES_MODULE = YES;
				DEVELOPMENT_TEAM = 99TB4TR395;
				DYLIB_COMPATIBILITY_VERSION = 1;
				DYLIB_CURRENT_VERSION = 1;
				DYLIB_INSTALL_NAME_BASE = "@rpath";
				ENABLE_MODULE_VERIFIER = YES;
				GENERATE_INFOPLIST_FILE = YES;
				INFOPLIST_KEY_NSHumanReadableCopyright = "";
				INSTALL_PATH = "$(LOCAL_LIBRARY_DIR)/Frameworks";
				LD_RUNPATH_SEARCH_PATHS = (
					"$(inherited)",
					"@executable_path/../Frameworks",
					"@loader_path/Frameworks",
				);
				MARKETING_VERSION = 1.0;
				MODULE_VERIFIER_SUPPORTED_LANGUAGES = "objective-c objective-c++";
				MODULE_VERIFIER_SUPPORTED_LANGUAGE_STANDARDS = "gnu11 gnu++20";
				PRODUCT_BUNDLE_IDENTIFIER = Amin.AirPortChallange;
				PRODUCT_NAME = "$(TARGET_NAME:c99extidentifier)";
				SKIP_INSTALL = YES;
				SWIFT_EMIT_LOC_STRINGS = YES;
				SWIFT_VERSION = 5.0;
			};
			name = Debug;
		};
		A8F9153229ED4C4200BD003C /* Release */ = {
			isa = XCBuildConfiguration;
			buildSettings = {
				CODE_SIGN_STYLE = Automatic;
				COMBINE_HIDPI_IMAGES = YES;
				CURRENT_PROJECT_VERSION = 1;
				DEFINES_MODULE = YES;
				DEVELOPMENT_TEAM = 99TB4TR395;
				DYLIB_COMPATIBILITY_VERSION = 1;
				DYLIB_CURRENT_VERSION = 1;
				DYLIB_INSTALL_NAME_BASE = "@rpath";
				ENABLE_MODULE_VERIFIER = YES;
				GENERATE_INFOPLIST_FILE = YES;
				INFOPLIST_KEY_NSHumanReadableCopyright = "";
				INSTALL_PATH = "$(LOCAL_LIBRARY_DIR)/Frameworks";
				LD_RUNPATH_SEARCH_PATHS = (
					"$(inherited)",
					"@executable_path/../Frameworks",
					"@loader_path/Frameworks",
				);
				MARKETING_VERSION = 1.0;
				MODULE_VERIFIER_SUPPORTED_LANGUAGES = "objective-c objective-c++";
				MODULE_VERIFIER_SUPPORTED_LANGUAGE_STANDARDS = "gnu11 gnu++20";
				PRODUCT_BUNDLE_IDENTIFIER = Amin.AirPortChallange;
				PRODUCT_NAME = "$(TARGET_NAME:c99extidentifier)";
				SKIP_INSTALL = YES;
				SWIFT_EMIT_LOC_STRINGS = YES;
				SWIFT_VERSION = 5.0;
			};
			name = Release;
		};
		A8F9153429ED4C4200BD003C /* Debug */ = {
			isa = XCBuildConfiguration;
			buildSettings = {
				CODE_SIGN_STYLE = Automatic;
				CURRENT_PROJECT_VERSION = 1;
				DEVELOPMENT_TEAM = 99TB4TR395;
				GENERATE_INFOPLIST_FILE = YES;
				MARKETING_VERSION = 1.0;
				PRODUCT_BUNDLE_IDENTIFIER = Amin.AirPortChallangeTests;
				PRODUCT_NAME = "$(TARGET_NAME)";
				SWIFT_EMIT_LOC_STRINGS = NO;
				SWIFT_VERSION = 5.0;
			};
			name = Debug;
		};
		A8F9153529ED4C4200BD003C /* Release */ = {
			isa = XCBuildConfiguration;
			buildSettings = {
				CODE_SIGN_STYLE = Automatic;
				CURRENT_PROJECT_VERSION = 1;
				DEVELOPMENT_TEAM = 99TB4TR395;
				GENERATE_INFOPLIST_FILE = YES;
				MARKETING_VERSION = 1.0;
				PRODUCT_BUNDLE_IDENTIFIER = Amin.AirPortChallangeTests;
				PRODUCT_NAME = "$(TARGET_NAME)";
				SWIFT_EMIT_LOC_STRINGS = NO;
				SWIFT_VERSION = 5.0;
			};
			name = Release;
		};
/* End XCBuildConfiguration section */

/* Begin XCConfigurationList section */
		A8F9151629ED4C4100BD003C /* Build configuration list for PBXProject "AirPortChallange" */ = {
			isa = XCConfigurationList;
			buildConfigurations = (
				A8F9152E29ED4C4200BD003C /* Debug */,
				A8F9152F29ED4C4200BD003C /* Release */,
			);
			defaultConfigurationIsVisible = 0;
			defaultConfigurationName = Release;
		};
		A8F9153029ED4C4200BD003C /* Build configuration list for PBXNativeTarget "AirPortChallange" */ = {
			isa = XCConfigurationList;
			buildConfigurations = (
				A8F9153129ED4C4200BD003C /* Debug */,
				A8F9153229ED4C4200BD003C /* Release */,
			);
			defaultConfigurationIsVisible = 0;
			defaultConfigurationName = Release;
		};
		A8F9153329ED4C4200BD003C /* Build configuration list for PBXNativeTarget "AirPortChallangeTests" */ = {
			isa = XCConfigurationList;
			buildConfigurations = (
				A8F9153429ED4C4200BD003C /* Debug */,
				A8F9153529ED4C4200BD003C /* Release */,
			);
			defaultConfigurationIsVisible = 0;
			defaultConfigurationName = Release;
		};
/* End XCConfigurationList section */
	};
	rootObject = A8F9151329ED4C4100BD003C /* Project object */;
}
